
Microsoft Visual Studio Solution File, Format Version 12.00
# Visual Studio Version 16
VisualStudioVersion = 16.0.30907.101
MinimumVisualStudioVersion = 10.0.40219.1
Project("{FAE04EC0-301F-11D3-BF4B-00C04F79EFBC}") = "01_TypesandVariables", "01_TypesandVariables\01_TypesandVariables.csproj", "{A3CBE520-9260-4820-B18C-1E6F2BE1E958}"
EndProject
Project("{FAE04EC0-301F-11D3-BF4B-00C04F79EFBC}") = "02_Operators", "02_Operators\02_Operators.csproj", "{4F18861C-4A9F-41CA-86EF-EF2D2BAFB295}"
EndProject
Project("{FAE04EC0-301F-11D3-BF4B-00C04F79EFBC}") = "03_Conditionals", "03_Conditionals\03_Conditionals.csproj", "{0B84536F-55BB-49B8-9877-48F3D17E7AC1}"
EndProject
Project("{FAE04EC0-301F-11D3-BF4B-00C04F79EFBC}") = "04_Loops", "04_Loops\04_Loops.csproj", "{43949B76-15B5-4812-A18E-A12309D8AFD2}"
EndProject
Project("{FAE04EC0-301F-11D3-BF4B-00C04F79EFBC}") = "05_Classes", "05_Classes\05_Classes.csproj", "{650C31DF-FAE3-44C7-A98E-D5609E9F6F75}"
EndProject
Project("{FAE04EC0-301F-11D3-BF4B-00C04F79EFBC}") = "06_Inheritance", "06_InheritanceClasses\06_Inheritance.csproj", "{0197F464-85CC-4AC1-BB11-85FA4B8AE058}"
EndProject
Project("{FAE04EC0-301F-11D3-BF4B-00C04F79EFBC}") = "07_RepositoryPattern_Repo", "07_RepositoryPattern_Repo\07_RepositoryPattern_Repo.csproj", "{B2F84350-138E-497D-BB89-1E61F02B2FC0}"
EndProject
Project("{FAE04EC0-301F-11D3-BF4B-00C04F79EFBC}") = "08_RepositoryPattern_Tests", "08_RepositoryPattern_Tests\08_RepositoryPattern_Tests.csproj", "{E89E027E-69CF-43F3-86DE-10A241C2663C}"
EndProject
Global
	GlobalSection(SolutionConfigurationPlatforms) = preSolution
		Debug|Any CPU = Debug|Any CPU
		Release|Any CPU = Release|Any CPU
	EndGlobalSection
	GlobalSection(ProjectConfigurationPlatforms) = postSolution
		{A3CBE520-9260-4820-B18C-1E6F2BE1E958}.Debug|Any CPU.ActiveCfg = Debug|Any CPU
		{A3CBE520-9260-4820-B18C-1E6F2BE1E958}.Debug|Any CPU.Build.0 = Debug|Any CPU
		{A3CBE520-9260-4820-B18C-1E6F2BE1E958}.Release|Any CPU.ActiveCfg = Release|Any CPU
		{A3CBE520-9260-4820-B18C-1E6F2BE1E958}.Release|Any CPU.Build.0 = Release|Any CPU
		{4F18861C-4A9F-41CA-86EF-EF2D2BAFB295}.Debug|Any CPU.ActiveCfg = Debug|Any CPU
		{4F18861C-4A9F-41CA-86EF-EF2D2BAFB295}.Debug|Any CPU.Build.0 = Debug|Any CPU
		{4F18861C-4A9F-41CA-86EF-EF2D2BAFB295}.Release|Any CPU.ActiveCfg = Release|Any CPU
		{4F18861C-4A9F-41CA-86EF-EF2D2BAFB295}.Release|Any CPU.Build.0 = Release|Any CPU
		{0B84536F-55BB-49B8-9877-48F3D17E7AC1}.Debug|Any CPU.ActiveCfg = Debug|Any CPU
		{0B84536F-55BB-49B8-9877-48F3D17E7AC1}.Debug|Any CPU.Build.0 = Debug|Any CPU
		{0B84536F-55BB-49B8-9877-48F3D17E7AC1}.Release|Any CPU.ActiveCfg = Release|Any CPU
		{0B84536F-55BB-49B8-9877-48F3D17E7AC1}.Release|Any CPU.Build.0 = Release|Any CPU
		{43949B76-15B5-4812-A18E-A12309D8AFD2}.Debug|Any CPU.ActiveCfg = Debug|Any CPU
		{43949B76-15B5-4812-A18E-A12309D8AFD2}.Debug|Any CPU.Build.0 = Debug|Any CPU
		{43949B76-15B5-4812-A18E-A12309D8AFD2}.Release|Any CPU.ActiveCfg = Release|Any CPU
		{43949B76-15B5-4812-A18E-A12309D8AFD2}.Release|Any CPU.Build.0 = Release|Any CPU
		{650C31DF-FAE3-44C7-A98E-D5609E9F6F75}.Debug|Any CPU.ActiveCfg = Debug|Any CPU
		{650C31DF-FAE3-44C7-A98E-D5609E9F6F75}.Debug|Any CPU.Build.0 = Debug|Any CPU
		{650C31DF-FAE3-44C7-A98E-D5609E9F6F75}.Release|Any CPU.ActiveCfg = Release|Any CPU
		{650C31DF-FAE3-44C7-A98E-D5609E9F6F75}.Release|Any CPU.Build.0 = Release|Any CPU
		{0197F464-85CC-4AC1-BB11-85FA4B8AE058}.Debug|Any CPU.ActiveCfg = Debug|Any CPU
		{0197F464-85CC-4AC1-BB11-85FA4B8AE058}.Debug|Any CPU.Build.0 = Debug|Any CPU
		{0197F464-85CC-4AC1-BB11-85FA4B8AE058}.Release|Any CPU.ActiveCfg = Release|Any CPU
		{0197F464-85CC-4AC1-BB11-85FA4B8AE058}.Release|Any CPU.Build.0 = Release|Any CPU
		{B2F84350-138E-497D-BB89-1E61F02B2FC0}.Debug|Any CPU.ActiveCfg = Debug|Any CPU
		{B2F84350-138E-497D-BB89-1E61F02B2FC0}.Debug|Any CPU.Build.0 = Debug|Any CPU
		{B2F84350-138E-497D-BB89-1E61F02B2FC0}.Release|Any CPU.ActiveCfg = Release|Any CPU
		{B2F84350-138E-497D-BB89-1E61F02B2FC0}.Release|Any CPU.Build.0 = Release|Any CPU
		{E89E027E-69CF-43F3-86DE-10A241C2663C}.Debug|Any CPU.ActiveCfg = Debug|Any CPU
		{E89E027E-69CF-43F3-86DE-10A241C2663C}.Debug|Any CPU.Build.0 = Debug|Any CPU
		{E89E027E-69CF-43F3-86DE-10A241C2663C}.Release|Any CPU.ActiveCfg = Release|Any CPU
		{E89E027E-69CF-43F3-86DE-10A241C2663C}.Release|Any CPU.Build.0 = Release|Any CPU
	EndGlobalSection
	GlobalSection(SolutionProperties) = preSolution
		HideSolutionNode = FALSE
	EndGlobalSection
	GlobalSection(ExtensibilityGlobals) = postSolution
		SolutionGuid = {7AB33790-2893-4CEE-B182-E40BEC0CB486}
	EndGlobalSection
EndGlobal
