
Microsoft Visual Studio Solution File, Format Version 12.00
# Visual Studio Version 16
VisualStudioVersion = 16.0.30907.101
MinimumVisualStudioVersion = 10.0.40219.1
Project("{FAE04EC0-301F-11D3-BF4B-00C04F79EFBC}") = "01_TypesandVariables", "01_TypesandVariables\01_TypesandVariables.csproj", "{A3CBE520-9260-4820-B18C-1E6F2BE1E958}"
EndProject
Project("{FAE04EC0-301F-11D3-BF4B-00C04F79EFBC}") = "02_Operators", "02_Operators\02_Operators.csproj", "{4F18861C-4A9F-41CA-86EF-EF2D2BAFB295}"
EndProject
Project("{FAE04EC0-301F-11D3-BF4B-00C04F79EFBC}") = "03_Conditionals", "03_Conditionals\03_Conditionals.csproj", "{0B84536F-55BB-49B8-9877-48F3D17E7AC1}"
EndProject
Project("{FAE04EC0-301F-11D3-BF4B-00C04F79EFBC}") = "04_Loops", "04_Loops\04_Loops.csproj", "{43949B76-15B5-4812-A18E-A12309D8AFD2}"
EndProject
Project("{FAE04EC0-301F-11D3-BF4B-00C04F79EFBC}") = "05_Classes", "05_Classes\05_Classes.csproj", "{650C31DF-FAE3-44C7-A98E-D5609E9F6F75}"
EndProject
Project("{FAE04EC0-301F-11D3-BF4B-00C04F79EFBC}") = "06_Inheritance", "06_InheritanceClasses\06_Inheritance.csproj", "{0197F464-85CC-4AC1-BB11-85FA4B8AE058}"
EndProject
Project("{FAE04EC0-301F-11D3-BF4B-00C04F79EFBC}") = "07_RepositoryPattern_Repo", "07_RepositoryPattern_Repo\07_RepositoryPattern_Repo.csproj", "{B2F84350-138E-497D-BB89-1E61F02B2FC0}"
EndProject
Project("{FAE04EC0-301F-11D3-BF4B-00C04F79EFBC}") = "08_RepositoryPattern_Tests", "08_RepositoryPattern_Tests\08_RepositoryPattern_Tests.csproj", "{E89E027E-69CF-43F3-86DE-10A241C2663C}"
EndProject
Project("{FAE04EC0-301F-11D3-BF4B-00C04F79EFBC}") = "09_StreamingContent_Console", "09_StreamingContent_Console\09_StreamingContent_Console.csproj", "{BD5034B9-F642-4614-B1B3-3B97F8408613}"
EndProject
Project("{FAE04EC0-301F-11D3-BF4B-00C04F79EFBC}") = "10_Interfaces", "10_Interfaces\10_Interfaces.csproj", "{83A6774E-135E-4539-BF61-D96C56607D65}"
EndProject
Project("{FAE04EC0-301F-11D3-BF4B-00C04F79EFBC}") = "11_IConsole", "11_IConsole\11_IConsole.csproj", "{DDF9B462-5915-4C94-B030-946281A86401}"
EndProject
Project("{FAE04EC0-301F-11D3-BF4B-00C04F79EFBC}") = "Repo_Challenge", "Repo_Challenge\Repo_Challenge.csproj", "{6B3A3B3E-FAB1-4C26-8E83-48A910DEB8A9}"
EndProject
Project("{FAE04EC0-301F-11D3-BF4B-00C04F79EFBC}") = "DrofsnarBirdManGame", "DrofsnarBirdManGame\DrofsnarBirdManGame.csproj", "{9B47459C-539D-4453-B372-9E629E23C382}"
EndProject
Project("{FAE04EC0-301F-11D3-BF4B-00C04F79EFBC}") = "ArtGallery", "ArtGallery\ArtGallery.csproj", "{EAA6DA29-29D6-4613-A1A9-F039AF8C9F35}"
EndProject
Project("{FAE04EC0-301F-11D3-BF4B-00C04F79EFBC}") = "FizzBuzz", "FizzBuzz\FizzBuzz.csproj", "{71435ABC-1741-4A43-8DA3-BC005990EC9B}"
EndProject
Project("{FAE04EC0-301F-11D3-BF4B-00C04F79EFBC}") = "Quiz", "Quiz\Quiz.csproj", "{D64154F1-7C2D-4139-BBBD-304FFE5F9559}"
EndProject
Project("{FAE04EC0-301F-11D3-BF4B-00C04F79EFBC}") = "12_APIs", "12_APIs\12_APIs.csproj", "{51D20F12-3985-4A37-8E66-718402A635A5}"
EndProject
Project("{FAE04EC0-301F-11D3-BF4B-00C04F79EFBC}") = "13_RestaurantRater", "13_RestaurantRater\13_RestaurantRater.csproj", "{19CC5832-19F3-4670-A5DB-C310CFA7C9BE}"
EndProject
Project("{FAE04EC0-301F-11D3-BF4B-00C04F79EFBC}") = "14_GeneralStore", "14_GeneralStore\14_GeneralStore.csproj", "{E20BBFB2-3303-4B60-97ED-292BBA6537AB}"
EndProject
Global
	GlobalSection(SolutionConfigurationPlatforms) = preSolution
		Debug|Any CPU = Debug|Any CPU
		Release|Any CPU = Release|Any CPU
	EndGlobalSection
	GlobalSection(ProjectConfigurationPlatforms) = postSolution
		{A3CBE520-9260-4820-B18C-1E6F2BE1E958}.Debug|Any CPU.ActiveCfg = Debug|Any CPU
		{A3CBE520-9260-4820-B18C-1E6F2BE1E958}.Debug|Any CPU.Build.0 = Debug|Any CPU
		{A3CBE520-9260-4820-B18C-1E6F2BE1E958}.Release|Any CPU.ActiveCfg = Release|Any CPU
		{A3CBE520-9260-4820-B18C-1E6F2BE1E958}.Release|Any CPU.Build.0 = Release|Any CPU
		{4F18861C-4A9F-41CA-86EF-EF2D2BAFB295}.Debug|Any CPU.ActiveCfg = Debug|Any CPU
		{4F18861C-4A9F-41CA-86EF-EF2D2BAFB295}.Debug|Any CPU.Build.0 = Debug|Any CPU
		{4F18861C-4A9F-41CA-86EF-EF2D2BAFB295}.Release|Any CPU.ActiveCfg = Release|Any CPU
		{4F18861C-4A9F-41CA-86EF-EF2D2BAFB295}.Release|Any CPU.Build.0 = Release|Any CPU
		{0B84536F-55BB-49B8-9877-48F3D17E7AC1}.Debug|Any CPU.ActiveCfg = Debug|Any CPU
		{0B84536F-55BB-49B8-9877-48F3D17E7AC1}.Debug|Any CPU.Build.0 = Debug|Any CPU
		{0B84536F-55BB-49B8-9877-48F3D17E7AC1}.Release|Any CPU.ActiveCfg = Release|Any CPU
		{0B84536F-55BB-49B8-9877-48F3D17E7AC1}.Release|Any CPU.Build.0 = Release|Any CPU
		{43949B76-15B5-4812-A18E-A12309D8AFD2}.Debug|Any CPU.ActiveCfg = Debug|Any CPU
		{43949B76-15B5-4812-A18E-A12309D8AFD2}.Debug|Any CPU.Build.0 = Debug|Any CPU
		{43949B76-15B5-4812-A18E-A12309D8AFD2}.Release|Any CPU.ActiveCfg = Release|Any CPU
		{43949B76-15B5-4812-A18E-A12309D8AFD2}.Release|Any CPU.Build.0 = Release|Any CPU
		{650C31DF-FAE3-44C7-A98E-D5609E9F6F75}.Debug|Any CPU.ActiveCfg = Debug|Any CPU
		{650C31DF-FAE3-44C7-A98E-D5609E9F6F75}.Debug|Any CPU.Build.0 = Debug|Any CPU
		{650C31DF-FAE3-44C7-A98E-D5609E9F6F75}.Release|Any CPU.ActiveCfg = Release|Any CPU
		{650C31DF-FAE3-44C7-A98E-D5609E9F6F75}.Release|Any CPU.Build.0 = Release|Any CPU
		{0197F464-85CC-4AC1-BB11-85FA4B8AE058}.Debug|Any CPU.ActiveCfg = Debug|Any CPU
		{0197F464-85CC-4AC1-BB11-85FA4B8AE058}.Debug|Any CPU.Build.0 = Debug|Any CPU
		{0197F464-85CC-4AC1-BB11-85FA4B8AE058}.Release|Any CPU.ActiveCfg = Release|Any CPU
		{0197F464-85CC-4AC1-BB11-85FA4B8AE058}.Release|Any CPU.Build.0 = Release|Any CPU
		{B2F84350-138E-497D-BB89-1E61F02B2FC0}.Debug|Any CPU.ActiveCfg = Debug|Any CPU
		{B2F84350-138E-497D-BB89-1E61F02B2FC0}.Debug|Any CPU.Build.0 = Debug|Any CPU
		{B2F84350-138E-497D-BB89-1E61F02B2FC0}.Release|Any CPU.ActiveCfg = Release|Any CPU
		{B2F84350-138E-497D-BB89-1E61F02B2FC0}.Release|Any CPU.Build.0 = Release|Any CPU
		{E89E027E-69CF-43F3-86DE-10A241C2663C}.Debug|Any CPU.ActiveCfg = Debug|Any CPU
		{E89E027E-69CF-43F3-86DE-10A241C2663C}.Debug|Any CPU.Build.0 = Debug|Any CPU
		{E89E027E-69CF-43F3-86DE-10A241C2663C}.Release|Any CPU.ActiveCfg = Release|Any CPU
		{E89E027E-69CF-43F3-86DE-10A241C2663C}.Release|Any CPU.Build.0 = Release|Any CPU
		{BD5034B9-F642-4614-B1B3-3B97F8408613}.Debug|Any CPU.ActiveCfg = Debug|Any CPU
		{BD5034B9-F642-4614-B1B3-3B97F8408613}.Debug|Any CPU.Build.0 = Debug|Any CPU
		{BD5034B9-F642-4614-B1B3-3B97F8408613}.Release|Any CPU.ActiveCfg = Release|Any CPU
		{BD5034B9-F642-4614-B1B3-3B97F8408613}.Release|Any CPU.Build.0 = Release|Any CPU
		{83A6774E-135E-4539-BF61-D96C56607D65}.Debug|Any CPU.ActiveCfg = Debug|Any CPU
		{83A6774E-135E-4539-BF61-D96C56607D65}.Debug|Any CPU.Build.0 = Debug|Any CPU
		{83A6774E-135E-4539-BF61-D96C56607D65}.Release|Any CPU.ActiveCfg = Release|Any CPU
		{83A6774E-135E-4539-BF61-D96C56607D65}.Release|Any CPU.Build.0 = Release|Any CPU
		{DDF9B462-5915-4C94-B030-946281A86401}.Debug|Any CPU.ActiveCfg = Debug|Any CPU
		{DDF9B462-5915-4C94-B030-946281A86401}.Debug|Any CPU.Build.0 = Debug|Any CPU
		{DDF9B462-5915-4C94-B030-946281A86401}.Release|Any CPU.ActiveCfg = Release|Any CPU
		{DDF9B462-5915-4C94-B030-946281A86401}.Release|Any CPU.Build.0 = Release|Any CPU
		{6B3A3B3E-FAB1-4C26-8E83-48A910DEB8A9}.Debug|Any CPU.ActiveCfg = Debug|Any CPU
		{6B3A3B3E-FAB1-4C26-8E83-48A910DEB8A9}.Debug|Any CPU.Build.0 = Debug|Any CPU
		{6B3A3B3E-FAB1-4C26-8E83-48A910DEB8A9}.Release|Any CPU.ActiveCfg = Release|Any CPU
		{6B3A3B3E-FAB1-4C26-8E83-48A910DEB8A9}.Release|Any CPU.Build.0 = Release|Any CPU
		{9B47459C-539D-4453-B372-9E629E23C382}.Debug|Any CPU.ActiveCfg = Debug|Any CPU
		{9B47459C-539D-4453-B372-9E629E23C382}.Debug|Any CPU.Build.0 = Debug|Any CPU
		{9B47459C-539D-4453-B372-9E629E23C382}.Release|Any CPU.ActiveCfg = Release|Any CPU
		{9B47459C-539D-4453-B372-9E629E23C382}.Release|Any CPU.Build.0 = Release|Any CPU
		{EAA6DA29-29D6-4613-A1A9-F039AF8C9F35}.Debug|Any CPU.ActiveCfg = Debug|Any CPU
		{EAA6DA29-29D6-4613-A1A9-F039AF8C9F35}.Debug|Any CPU.Build.0 = Debug|Any CPU
		{EAA6DA29-29D6-4613-A1A9-F039AF8C9F35}.Release|Any CPU.ActiveCfg = Release|Any CPU
		{EAA6DA29-29D6-4613-A1A9-F039AF8C9F35}.Release|Any CPU.Build.0 = Release|Any CPU
		{71435ABC-1741-4A43-8DA3-BC005990EC9B}.Debug|Any CPU.ActiveCfg = Debug|Any CPU
		{71435ABC-1741-4A43-8DA3-BC005990EC9B}.Debug|Any CPU.Build.0 = Debug|Any CPU
		{71435ABC-1741-4A43-8DA3-BC005990EC9B}.Release|Any CPU.ActiveCfg = Release|Any CPU
		{71435ABC-1741-4A43-8DA3-BC005990EC9B}.Release|Any CPU.Build.0 = Release|Any CPU
		{D64154F1-7C2D-4139-BBBD-304FFE5F9559}.Debug|Any CPU.ActiveCfg = Debug|Any CPU
		{D64154F1-7C2D-4139-BBBD-304FFE5F9559}.Debug|Any CPU.Build.0 = Debug|Any CPU
		{D64154F1-7C2D-4139-BBBD-304FFE5F9559}.Release|Any CPU.ActiveCfg = Release|Any CPU
		{D64154F1-7C2D-4139-BBBD-304FFE5F9559}.Release|Any CPU.Build.0 = Release|Any CPU
		{51D20F12-3985-4A37-8E66-718402A635A5}.Debug|Any CPU.ActiveCfg = Debug|Any CPU
		{51D20F12-3985-4A37-8E66-718402A635A5}.Debug|Any CPU.Build.0 = Debug|Any CPU
		{51D20F12-3985-4A37-8E66-718402A635A5}.Release|Any CPU.ActiveCfg = Release|Any CPU
		{51D20F12-3985-4A37-8E66-718402A635A5}.Release|Any CPU.Build.0 = Release|Any CPU
		{19CC5832-19F3-4670-A5DB-C310CFA7C9BE}.Debug|Any CPU.ActiveCfg = Debug|Any CPU
		{19CC5832-19F3-4670-A5DB-C310CFA7C9BE}.Debug|Any CPU.Build.0 = Debug|Any CPU
		{19CC5832-19F3-4670-A5DB-C310CFA7C9BE}.Release|Any CPU.ActiveCfg = Release|Any CPU
		{19CC5832-19F3-4670-A5DB-C310CFA7C9BE}.Release|Any CPU.Build.0 = Release|Any CPU
		{E20BBFB2-3303-4B60-97ED-292BBA6537AB}.Debug|Any CPU.ActiveCfg = Debug|Any CPU
		{E20BBFB2-3303-4B60-97ED-292BBA6537AB}.Debug|Any CPU.Build.0 = Debug|Any CPU
		{E20BBFB2-3303-4B60-97ED-292BBA6537AB}.Release|Any CPU.ActiveCfg = Release|Any CPU
		{E20BBFB2-3303-4B60-97ED-292BBA6537AB}.Release|Any CPU.Build.0 = Release|Any CPU
	EndGlobalSection
	GlobalSection(SolutionProperties) = preSolution
		HideSolutionNode = FALSE
	EndGlobalSection
	GlobalSection(ExtensibilityGlobals) = postSolution
		SolutionGuid = {7AB33790-2893-4CEE-B182-E40BEC0CB486}
	EndGlobalSection
EndGlobal
